
Microsoft Visual Studio Solution File, Format Version 12.00
# Visual Studio Version 17
VisualStudioVersion = 17.14.36511.14
MinimumVisualStudioVersion = 10.0.40219.1
Project("{2150E333-8FDC-42A3-9474-1A3956D46DE8}") = "Task0", "Task0", "{02EA681E-C7D8-13C7-8484-4AC65E1B71E8}"
EndProject
Project("{FAE04EC0-301F-11D3-BF4B-00C04F79EFBC}") = "Tyuiu.BubenkoLG.Sprint5.Task0.V15", "Tyuiu.BubenkoLG.Sprint5.Task0.V15\Tyuiu.BubenkoLG.Sprint5.Task0.V15.csproj", "{033DF823-B246-48FC-988F-6A5D395D3751}"
EndProject
Project("{FAE04EC0-301F-11D3-BF4B-00C04F79EFBC}") = "Tyuiu.BubenkoLG.Sprint5.Task0.V15.Lib", "Tyuiu.BubenkoLG.Sprint5.Task0.V15.Lib\Tyuiu.BubenkoLG.Sprint5.Task0.V15.Lib.csproj", "{E474E973-A8BE-4DBB-8527-1C3CF5F9E4C1}"
EndProject
Project("{FAE04EC0-301F-11D3-BF4B-00C04F79EFBC}") = "Tyuiu.BubenkoLG.Sprint5.Task0.V15.Test", "Tyuiu.BubenkoLG.Sprint5.Task0.V15.Test\Tyuiu.BubenkoLG.Sprint5.Task0.V15.Test.csproj", "{828AB469-F46B-44B8-99C7-6218C2E849A1}"
EndProject
Project("{2150E333-8FDC-42A3-9474-1A3956D46DE8}") = "Task1", "Task1", "{D1CB38B2-B409-45A8-A740-B9649D8B18C5}"
EndProject
Project("{FAE04EC0-301F-11D3-BF4B-00C04F79EFBC}") = "Tyuiu.BubenkoLG.Sprint5.Task1.V28", "Tyuiu.BubenkoLG.Sprint5.Task1.V28\Tyuiu.BubenkoLG.Sprint5.Task1.V28.csproj", "{FF6EFC91-E15E-4A4D-8BDD-A7E6A44137DE}"
EndProject
Project("{FAE04EC0-301F-11D3-BF4B-00C04F79EFBC}") = "Tyuiu.BubenkoLG.Sprint5.Task1.V28.Lib", "Tyuiu.BubenkoLG.Sprint5.Task1.V28.Lib\Tyuiu.BubenkoLG.Sprint5.Task1.V28.Lib.csproj", "{54D844E3-6429-4BEF-A395-AB36ABD7F5F2}"
EndProject
Project("{FAE04EC0-301F-11D3-BF4B-00C04F79EFBC}") = "Tyuiu.BubenkoLG.Sprint5.Task1.V28.Test", "Tyuiu.BubenkoLG.Sprint5.Task1.V28.Test\Tyuiu.BubenkoLG.Sprint5.Task1.V28.Test.csproj", "{80F94452-6F2A-45B0-9043-8B4F4EC519B7}"
EndProject
Project("{2150E333-8FDC-42A3-9474-1A3956D46DE8}") = "Task2", "Task2", "{537462DF-7229-4D4B-B8D2-A7EFD373652F}"
EndProject
Project("{FAE04EC0-301F-11D3-BF4B-00C04F79EFBC}") = "Tyuiu.BubenkoLG.Sprint5.Task2.V7", "Tyuiu.BubenkoLG.Sprint5.Task2.V7\Tyuiu.BubenkoLG.Sprint5.Task2.V7.csproj", "{1ED12DB3-7B3F-4E31-AFD4-6BFF91B3B163}"
EndProject
Project("{FAE04EC0-301F-11D3-BF4B-00C04F79EFBC}") = "Tyuiu.BubenkoLG.Sprint5.Task2.V7.Lib", "Tyuiu.BubenkoLG.Sprint5.Task2.V7.Lib\Tyuiu.BubenkoLG.Sprint5.Task2.V7.Lib.csproj", "{BCD69DD5-D158-4DCB-81D9-36BF9C826916}"
EndProject
Project("{FAE04EC0-301F-11D3-BF4B-00C04F79EFBC}") = "Tyuiu.BubenkoLG.Sprint5.Task2.V7.Test", "Tyuiu.BubenkoLG.Sprint5.Task2.V7.Test\Tyuiu.BubenkoLG.Sprint5.Task2.V7.Test.csproj", "{9E944A36-840D-4065-BBD2-F9DB1FA068D1}"
EndProject
Project("{2150E333-8FDC-42A3-9474-1A3956D46DE8}") = "Task3", "Task3", "{EFC148B7-1EC8-4C0B-91DF-BA913628CA82}"
EndProject
Project("{FAE04EC0-301F-11D3-BF4B-00C04F79EFBC}") = "Tyuiu.BubenkoLG.Sprint5.Task3.V15", "Tyuiu.BubenkoLG.Sprint5.Task3.V15\Tyuiu.BubenkoLG.Sprint5.Task3.V15.csproj", "{0C1A7190-2742-43C0-9347-C03ADB8EABE8}"
EndProject
Project("{FAE04EC0-301F-11D3-BF4B-00C04F79EFBC}") = "Tyuiu.BubenkoLG.Sprint5.Task3.V15.Lib", "Tyuiu.BubenkoLG.Sprint5.Task3.V15.Lib\Tyuiu.BubenkoLG.Sprint5.Task3.V15.Lib.csproj", "{65794D65-0B56-4E12-92FE-229B14430295}"
EndProject
Project("{FAE04EC0-301F-11D3-BF4B-00C04F79EFBC}") = "Tyuiu.BubenkoLG.Sprint5.Task3.V15.Test", "Tyuiu.BubenkoLG.Sprint5.Task3.V15.Test\Tyuiu.BubenkoLG.Sprint5.Task3.V15.Test.csproj", "{C8A28238-01FD-4823-99B4-3C5A07C6B653}"
EndProject
Global
	GlobalSection(SolutionConfigurationPlatforms) = preSolution
		Debug|Any CPU = Debug|Any CPU
		Release|Any CPU = Release|Any CPU
	EndGlobalSection
	GlobalSection(ProjectConfigurationPlatforms) = postSolution
		{033DF823-B246-48FC-988F-6A5D395D3751}.Debug|Any CPU.ActiveCfg = Debug|Any CPU
		{033DF823-B246-48FC-988F-6A5D395D3751}.Debug|Any CPU.Build.0 = Debug|Any CPU
		{033DF823-B246-48FC-988F-6A5D395D3751}.Release|Any CPU.ActiveCfg = Release|Any CPU
		{033DF823-B246-48FC-988F-6A5D395D3751}.Release|Any CPU.Build.0 = Release|Any CPU
		{E474E973-A8BE-4DBB-8527-1C3CF5F9E4C1}.Debug|Any CPU.ActiveCfg = Debug|Any CPU
		{E474E973-A8BE-4DBB-8527-1C3CF5F9E4C1}.Debug|Any CPU.Build.0 = Debug|Any CPU
		{E474E973-A8BE-4DBB-8527-1C3CF5F9E4C1}.Release|Any CPU.ActiveCfg = Release|Any CPU
		{E474E973-A8BE-4DBB-8527-1C3CF5F9E4C1}.Release|Any CPU.Build.0 = Release|Any CPU
		{828AB469-F46B-44B8-99C7-6218C2E849A1}.Debug|Any CPU.ActiveCfg = Debug|Any CPU
		{828AB469-F46B-44B8-99C7-6218C2E849A1}.Debug|Any CPU.Build.0 = Debug|Any CPU
		{828AB469-F46B-44B8-99C7-6218C2E849A1}.Release|Any CPU.ActiveCfg = Release|Any CPU
		{828AB469-F46B-44B8-99C7-6218C2E849A1}.Release|Any CPU.Build.0 = Release|Any CPU
		{FF6EFC91-E15E-4A4D-8BDD-A7E6A44137DE}.Debug|Any CPU.ActiveCfg = Debug|Any CPU
		{FF6EFC91-E15E-4A4D-8BDD-A7E6A44137DE}.Debug|Any CPU.Build.0 = Debug|Any CPU
		{FF6EFC91-E15E-4A4D-8BDD-A7E6A44137DE}.Release|Any CPU.ActiveCfg = Release|Any CPU
		{FF6EFC91-E15E-4A4D-8BDD-A7E6A44137DE}.Release|Any CPU.Build.0 = Release|Any CPU
		{54D844E3-6429-4BEF-A395-AB36ABD7F5F2}.Debug|Any CPU.ActiveCfg = Debug|Any CPU
		{54D844E3-6429-4BEF-A395-AB36ABD7F5F2}.Debug|Any CPU.Build.0 = Debug|Any CPU
		{54D844E3-6429-4BEF-A395-AB36ABD7F5F2}.Release|Any CPU.ActiveCfg = Release|Any CPU
		{54D844E3-6429-4BEF-A395-AB36ABD7F5F2}.Release|Any CPU.Build.0 = Release|Any CPU
		{80F94452-6F2A-45B0-9043-8B4F4EC519B7}.Debug|Any CPU.ActiveCfg = Debug|Any CPU
		{80F94452-6F2A-45B0-9043-8B4F4EC519B7}.Debug|Any CPU.Build.0 = Debug|Any CPU
		{80F94452-6F2A-45B0-9043-8B4F4EC519B7}.Release|Any CPU.ActiveCfg = Release|Any CPU
		{80F94452-6F2A-45B0-9043-8B4F4EC519B7}.Release|Any CPU.Build.0 = Release|Any CPU
		{1ED12DB3-7B3F-4E31-AFD4-6BFF91B3B163}.Debug|Any CPU.ActiveCfg = Debug|Any CPU
		{1ED12DB3-7B3F-4E31-AFD4-6BFF91B3B163}.Debug|Any CPU.Build.0 = Debug|Any CPU
		{1ED12DB3-7B3F-4E31-AFD4-6BFF91B3B163}.Release|Any CPU.ActiveCfg = Release|Any CPU
		{1ED12DB3-7B3F-4E31-AFD4-6BFF91B3B163}.Release|Any CPU.Build.0 = Release|Any CPU
		{BCD69DD5-D158-4DCB-81D9-36BF9C826916}.Debug|Any CPU.ActiveCfg = Debug|Any CPU
		{BCD69DD5-D158-4DCB-81D9-36BF9C826916}.Debug|Any CPU.Build.0 = Debug|Any CPU
		{BCD69DD5-D158-4DCB-81D9-36BF9C826916}.Release|Any CPU.ActiveCfg = Release|Any CPU
		{BCD69DD5-D158-4DCB-81D9-36BF9C826916}.Release|Any CPU.Build.0 = Release|Any CPU
		{9E944A36-840D-4065-BBD2-F9DB1FA068D1}.Debug|Any CPU.ActiveCfg = Debug|Any CPU
		{9E944A36-840D-4065-BBD2-F9DB1FA068D1}.Debug|Any CPU.Build.0 = Debug|Any CPU
		{9E944A36-840D-4065-BBD2-F9DB1FA068D1}.Release|Any CPU.ActiveCfg = Release|Any CPU
		{9E944A36-840D-4065-BBD2-F9DB1FA068D1}.Release|Any CPU.Build.0 = Release|Any CPU
		{0C1A7190-2742-43C0-9347-C03ADB8EABE8}.Debug|Any CPU.ActiveCfg = Debug|Any CPU
		{0C1A7190-2742-43C0-9347-C03ADB8EABE8}.Debug|Any CPU.Build.0 = Debug|Any CPU
		{0C1A7190-2742-43C0-9347-C03ADB8EABE8}.Release|Any CPU.ActiveCfg = Release|Any CPU
		{0C1A7190-2742-43C0-9347-C03ADB8EABE8}.Release|Any CPU.Build.0 = Release|Any CPU
		{65794D65-0B56-4E12-92FE-229B14430295}.Debug|Any CPU.ActiveCfg = Debug|Any CPU
		{65794D65-0B56-4E12-92FE-229B14430295}.Debug|Any CPU.Build.0 = Debug|Any CPU
		{65794D65-0B56-4E12-92FE-229B14430295}.Release|Any CPU.ActiveCfg = Release|Any CPU
		{65794D65-0B56-4E12-92FE-229B14430295}.Release|Any CPU.Build.0 = Release|Any CPU
		{C8A28238-01FD-4823-99B4-3C5A07C6B653}.Debug|Any CPU.ActiveCfg = Debug|Any CPU
		{C8A28238-01FD-4823-99B4-3C5A07C6B653}.Debug|Any CPU.Build.0 = Debug|Any CPU
		{C8A28238-01FD-4823-99B4-3C5A07C6B653}.Release|Any CPU.ActiveCfg = Release|Any CPU
		{C8A28238-01FD-4823-99B4-3C5A07C6B653}.Release|Any CPU.Build.0 = Release|Any CPU
	EndGlobalSection
	GlobalSection(SolutionProperties) = preSolution
		HideSolutionNode = FALSE
	EndGlobalSection
	GlobalSection(NestedProjects) = preSolution
		{033DF823-B246-48FC-988F-6A5D395D3751} = {02EA681E-C7D8-13C7-8484-4AC65E1B71E8}
		{E474E973-A8BE-4DBB-8527-1C3CF5F9E4C1} = {02EA681E-C7D8-13C7-8484-4AC65E1B71E8}
		{828AB469-F46B-44B8-99C7-6218C2E849A1} = {02EA681E-C7D8-13C7-8484-4AC65E1B71E8}
		{FF6EFC91-E15E-4A4D-8BDD-A7E6A44137DE} = {D1CB38B2-B409-45A8-A740-B9649D8B18C5}
		{54D844E3-6429-4BEF-A395-AB36ABD7F5F2} = {D1CB38B2-B409-45A8-A740-B9649D8B18C5}
		{80F94452-6F2A-45B0-9043-8B4F4EC519B7} = {D1CB38B2-B409-45A8-A740-B9649D8B18C5}
		{1ED12DB3-7B3F-4E31-AFD4-6BFF91B3B163} = {537462DF-7229-4D4B-B8D2-A7EFD373652F}
		{BCD69DD5-D158-4DCB-81D9-36BF9C826916} = {537462DF-7229-4D4B-B8D2-A7EFD373652F}
		{9E944A36-840D-4065-BBD2-F9DB1FA068D1} = {537462DF-7229-4D4B-B8D2-A7EFD373652F}
		{0C1A7190-2742-43C0-9347-C03ADB8EABE8} = {EFC148B7-1EC8-4C0B-91DF-BA913628CA82}
		{65794D65-0B56-4E12-92FE-229B14430295} = {EFC148B7-1EC8-4C0B-91DF-BA913628CA82}
		{C8A28238-01FD-4823-99B4-3C5A07C6B653} = {EFC148B7-1EC8-4C0B-91DF-BA913628CA82}
	EndGlobalSection
	GlobalSection(ExtensibilityGlobals) = postSolution
		SolutionGuid = {31E0F456-6E9B-412F-9F5E-34700A072954}
	EndGlobalSection
EndGlobal
